
Microsoft Visual Studio Solution File, Format Version 12.00
# Visual Studio 14
VisualStudioVersion = 14.0.25420.1
MinimumVisualStudioVersion = 10.0.40219.1
Project("{FAE04EC0-301F-11D3-BF4B-00C04F79EFBC}") = "SessionSpecs", "SessionSpecs\SessionSpecs.csproj", "{03552E41-1F17-4884-ADD3-BD289A1C0ABE}"
EndProject
Project("{FAE04EC0-301F-11D3-BF4B-00C04F79EFBC}") = "Session.SeleniumFramework", "Session.SeleniumFramework\Session.SeleniumFramework.csproj", "{AB15BA42-BBB8-47AD-98E6-79A5FF8DF22F}"
EndProject
Global
	GlobalSection(SolutionConfigurationPlatforms) = preSolution
		Debug|Any CPU = Debug|Any CPU
		Release|Any CPU = Release|Any CPU
	EndGlobalSection
	GlobalSection(ProjectConfigurationPlatforms) = postSolution
		{03552E41-1F17-4884-ADD3-BD289A1C0ABE}.Debug|Any CPU.ActiveCfg = Debug|Any CPU
		{03552E41-1F17-4884-ADD3-BD289A1C0ABE}.Debug|Any CPU.Build.0 = Debug|Any CPU
		{03552E41-1F17-4884-ADD3-BD289A1C0ABE}.Release|Any CPU.ActiveCfg = Release|Any CPU
		{03552E41-1F17-4884-ADD3-BD289A1C0ABE}.Release|Any CPU.Build.0 = Release|Any CPU
		{AB15BA42-BBB8-47AD-98E6-79A5FF8DF22F}.Debug|Any CPU.ActiveCfg = Debug|Any CPU
		{AB15BA42-BBB8-47AD-98E6-79A5FF8DF22F}.Debug|Any CPU.Build.0 = Debug|Any CPU
		{AB15BA42-BBB8-47AD-98E6-79A5FF8DF22F}.Release|Any CPU.ActiveCfg = Release|Any CPU
		{AB15BA42-BBB8-47AD-98E6-79A5FF8DF22F}.Release|Any CPU.Build.0 = Release|Any CPU
	EndGlobalSection
	GlobalSection(SolutionProperties) = preSolution
		HideSolutionNode = FALSE
	EndGlobalSection
EndGlobal
